
Microsoft Visual Studio Solution File, Format Version 12.00
# Visual Studio Version 16
VisualStudioVersion = 16.0.29001.49
MinimumVisualStudioVersion = 10.0.40219.1
Project("{FAE04EC0-301F-11D3-BF4B-00C04F79EFBC}") = "Retrainer", "Retrainer.csproj", "{0426B3A3-D426-4F52-A46D-15815A127467}"
EndProject
Global
	GlobalSection(SolutionConfigurationPlatforms) = preSolution
		Debug|Any CPU = Debug|Any CPU
		Release|Any CPU = Release|Any CPU
	EndGlobalSection
	GlobalSection(ProjectConfigurationPlatforms) = postSolution
		{0426B3A3-D426-4F52-A46D-15815A127467}.Debug|Any CPU.ActiveCfg = Debug|Any CPU
		{0426B3A3-D426-4F52-A46D-15815A127467}.Debug|Any CPU.Build.0 = Debug|Any CPU
		{0426B3A3-D426-4F52-A46D-15815A127467}.Release|Any CPU.ActiveCfg = Release|Any CPU
		{0426B3A3-D426-4F52-A46D-15815A127467}.Release|Any CPU.Build.0 = Release|Any CPU
	EndGlobalSection
	GlobalSection(SolutionProperties) = preSolution
		HideSolutionNode = FALSE
	EndGlobalSection
	GlobalSection(ExtensibilityGlobals) = postSolution
		SolutionGuid = {57CBD941-9678-4405-889A-323AEBF51B3A}
	EndGlobalSection
EndGlobal
